# This file is generated by running "yarn install" inside your project.
# Manual changes might be lost - proceed with caution!

__metadata:
  version: 8
  cacheKey: 10c0

"@bedrock-tweaks/graves@workspace:addons/gameplay_changes/graves":
  version: 0.0.0-use.local
  resolution: "@bedrock-tweaks/graves@workspace:addons/gameplay_changes/graves"
  languageName: unknown
  linkType: soft

"bedrock-tweaks@workspace:.":
  version: 0.0.0-use.local
  resolution: "bedrock-tweaks@workspace:."
  languageName: unknown
  linkType: soft

"gameplay_changes-b14f53@workspace:addons/gameplay_changes":
  version: 0.0.0-use.local
  resolution: "gameplay_changes-b14f53@workspace:addons/gameplay_changes"
  languageName: unknown
  linkType: soft
